// !$*UTF8*$!
{
	archiveVersion = 1;
	classes = {
	};
	objectVersion = 50;
	objects = {

/* Begin PBXBuildFile section */
		438DF9992095ACFF00FE92D9 /* CryptoPalsTests.swift in Sources */ = {isa = PBXBuildFile; fileRef = 438DF9982095ACFF00FE92D9 /* CryptoPalsTests.swift */; };
		438DF99E2095AD9700FE92D9 /* Utils.swift in Sources */ = {isa = PBXBuildFile; fileRef = 43B001582095932600912121 /* Utils.swift */; };
		43B00152209592DA00912121 /* main.swift in Sources */ = {isa = PBXBuildFile; fileRef = 43B00151209592DA00912121 /* main.swift */; };
		43B001592095932600912121 /* Utils.swift in Sources */ = {isa = PBXBuildFile; fileRef = 43B001582095932600912121 /* Utils.swift */; };
		43DD133020A791210042FCE8 /* Challenge6.txt in Resources */ = {isa = PBXBuildFile; fileRef = 43DD132F20A791210042FCE8 /* Challenge6.txt */; };
		43DD133220A7C33D0042FCE8 /* Challenge7.txt in Resources */ = {isa = PBXBuildFile; fileRef = 43DD133120A7C33C0042FCE8 /* Challenge7.txt */; };
		43DD133420A7C3B10042FCE8 /* AES.swift in Sources */ = {isa = PBXBuildFile; fileRef = 43DD133320A7C3B10042FCE8 /* AES.swift */; };
		43DD133520A8F5F90042FCE8 /* AES.swift in Sources */ = {isa = PBXBuildFile; fileRef = 43DD133320A7C3B10042FCE8 /* AES.swift */; };
		43DE0F2820A40C5800FE9B68 /* Challenge4.txt in Resources */ = {isa = PBXBuildFile; fileRef = 43DE0F2720A40C5800FE9B68 /* Challenge4.txt */; };
/* End PBXBuildFile section */

/* Begin PBXCopyFilesBuildPhase section */
		43B0014C209592D900912121 /* CopyFiles */ = {
			isa = PBXCopyFilesBuildPhase;
			buildActionMask = 2147483647;
			dstPath = /usr/share/man/man1/;
			dstSubfolderSpec = 0;
			files = (
			);
			runOnlyForDeploymentPostprocessing = 1;
		};
/* End PBXCopyFilesBuildPhase section */

/* Begin PBXFileReference section */
		438DF9962095ACFF00FE92D9 /* CryptoPalsTests.xctest */ = {isa = PBXFileReference; explicitFileType = wrapper.cfbundle; includeInIndex = 0; path = CryptoPalsTests.xctest; sourceTree = BUILT_PRODUCTS_DIR; };
		438DF9982095ACFF00FE92D9 /* CryptoPalsTests.swift */ = {isa = PBXFileReference; lastKnownFileType = sourcecode.swift; path = CryptoPalsTests.swift; sourceTree = "<group>"; };
		438DF99A2095ACFF00FE92D9 /* Info.plist */ = {isa = PBXFileReference; lastKnownFileType = text.plist.xml; path = Info.plist; sourceTree = "<group>"; };
		43B0014E209592D900912121 /* cryptopals */ = {isa = PBXFileReference; explicitFileType = "compiled.mach-o.executable"; includeInIndex = 0; path = cryptopals; sourceTree = BUILT_PRODUCTS_DIR; };
		43B00151209592DA00912121 /* main.swift */ = {isa = PBXFileReference; lastKnownFileType = sourcecode.swift; path = main.swift; sourceTree = "<group>"; };
		43B001582095932600912121 /* Utils.swift */ = {isa = PBXFileReference; lastKnownFileType = sourcecode.swift; path = Utils.swift; sourceTree = "<group>"; };
		43DD132F20A791210042FCE8 /* Challenge6.txt */ = {isa = PBXFileReference; fileEncoding = 4; lastKnownFileType = text; path = Challenge6.txt; sourceTree = "<group>"; };
		43DD133120A7C33C0042FCE8 /* Challenge7.txt */ = {isa = PBXFileReference; fileEncoding = 4; lastKnownFileType = text; path = Challenge7.txt; sourceTree = "<group>"; };
		43DD133320A7C3B10042FCE8 /* AES.swift */ = {isa = PBXFileReference; lastKnownFileType = sourcecode.swift; path = AES.swift; sourceTree = "<group>"; };
		43DE0F2720A40C5800FE9B68 /* Challenge4.txt */ = {isa = PBXFileReference; lastKnownFileType = text; path = Challenge4.txt; sourceTree = "<group>"; };
/* End PBXFileReference section */

/* Begin PBXFrameworksBuildPhase section */
		438DF9932095ACFF00FE92D9 /* Frameworks */ = {
			isa = PBXFrameworksBuildPhase;
			buildActionMask = 2147483647;
			files = (
			);
			runOnlyForDeploymentPostprocessing = 0;
		};
		43B0014B209592D900912121 /* Frameworks */ = {
			isa = PBXFrameworksBuildPhase;
			buildActionMask = 2147483647;
			files = (
			);
			runOnlyForDeploymentPostprocessing = 0;
		};
/* End PBXFrameworksBuildPhase section */

/* Begin PBXGroup section */
		438DF9972095ACFF00FE92D9 /* CryptoPalsTests */ = {
			isa = PBXGroup;
			children = (
				438DF9982095ACFF00FE92D9 /* CryptoPalsTests.swift */,
				43DE0F2720A40C5800FE9B68 /* Challenge4.txt */,
				43DD132F20A791210042FCE8 /* Challenge6.txt */,
				43DD133120A7C33C0042FCE8 /* Challenge7.txt */,
				438DF99A2095ACFF00FE92D9 /* Info.plist */,
			);
			path = CryptoPalsTests;
			sourceTree = "<group>";
		};
		43B00145209592D900912121 = {
			isa = PBXGroup;
			children = (
				43B00150209592D900912121 /* cryptopals */,
				438DF9972095ACFF00FE92D9 /* CryptoPalsTests */,
				43B0014F209592D900912121 /* Products */,
			);
			sourceTree = "<group>";
		};
		43B0014F209592D900912121 /* Products */ = {
			isa = PBXGroup;
			children = (
				43B0014E209592D900912121 /* cryptopals */,
				438DF9962095ACFF00FE92D9 /* CryptoPalsTests.xctest */,
			);
			name = Products;
			sourceTree = "<group>";
		};
		43B00150209592D900912121 /* cryptopals */ = {
			isa = PBXGroup;
			children = (
				43B00151209592DA00912121 /* main.swift */,
				43B001582095932600912121 /* Utils.swift */,
				43DD133320A7C3B10042FCE8 /* AES.swift */,
			);
			path = cryptopals;
			sourceTree = "<group>";
		};
/* End PBXGroup section */

/* Begin PBXNativeTarget section */
		438DF9952095ACFF00FE92D9 /* CryptoPalsTests */ = {
			isa = PBXNativeTarget;
			buildConfigurationList = 438DF99B2095ACFF00FE92D9 /* Build configuration list for PBXNativeTarget "CryptoPalsTests" */;
			buildPhases = (
				438DF9922095ACFF00FE92D9 /* Sources */,
				438DF9932095ACFF00FE92D9 /* Frameworks */,
				438DF9942095ACFF00FE92D9 /* Resources */,
			);
			buildRules = (
			);
			dependencies = (
			);
			name = CryptoPalsTests;
			productName = CryptoPalsTests;
			productReference = 438DF9962095ACFF00FE92D9 /* CryptoPalsTests.xctest */;
			productType = "com.apple.product-type.bundle.unit-test";
		};
		43B0014D209592D900912121 /* cryptopals */ = {
			isa = PBXNativeTarget;
			buildConfigurationList = 43B00155209592DA00912121 /* Build configuration list for PBXNativeTarget "cryptopals" */;
			buildPhases = (
				43B0014A209592D900912121 /* Sources */,
				43B0014B209592D900912121 /* Frameworks */,
				43B0014C209592D900912121 /* CopyFiles */,
			);
			buildRules = (
			);
			dependencies = (
			);
			name = cryptopals;
			productName = cryptopals;
			productReference = 43B0014E209592D900912121 /* cryptopals */;
			productType = "com.apple.product-type.tool";
		};
/* End PBXNativeTarget section */

/* Begin PBXProject section */
		43B00146209592D900912121 /* Project object */ = {
			isa = PBXProject;
			attributes = {
				LastSwiftUpdateCheck = 0930;
				LastUpgradeCheck = 0930;
				ORGANIZATIONNAME = "Jacob Farkas";
				TargetAttributes = {
					438DF9952095ACFF00FE92D9 = {
						CreatedOnToolsVersion = 9.3;
						LastSwiftMigration = 0930;
					};
					43B0014D209592D900912121 = {
						CreatedOnToolsVersion = 9.3;
						LastSwiftMigration = 0930;
					};
				};
			};
			buildConfigurationList = 43B00149209592D900912121 /* Build configuration list for PBXProject "cryptopals" */;
			compatibilityVersion = "Xcode 9.3";
			developmentRegion = en;
			hasScannedForEncodings = 0;
			knownRegions = (
				en,
			);
			mainGroup = 43B00145209592D900912121;
			productRefGroup = 43B0014F209592D900912121 /* Products */;
			projectDirPath = "";
			projectRoot = "";
			targets = (
				43B0014D209592D900912121 /* cryptopals */,
				438DF9952095ACFF00FE92D9 /* CryptoPalsTests */,
			);
		};
/* End PBXProject section */

/* Begin PBXResourcesBuildPhase section */
		438DF9942095ACFF00FE92D9 /* Resources */ = {
			isa = PBXResourcesBuildPhase;
			buildActionMask = 2147483647;
			files = (
				43DD133220A7C33D0042FCE8 /* Challenge7.txt in Resources */,
				43DE0F2820A40C5800FE9B68 /* Challenge4.txt in Resources */,
				43DD133020A791210042FCE8 /* Challenge6.txt in Resources */,
			);
			runOnlyForDeploymentPostprocessing = 0;
		};
/* End PBXResourcesBuildPhase section */

/* Begin PBXSourcesBuildPhase section */
		438DF9922095ACFF00FE92D9 /* Sources */ = {
			isa = PBXSourcesBuildPhase;
			buildActionMask = 2147483647;
			files = (
				438DF9992095ACFF00FE92D9 /* CryptoPalsTests.swift in Sources */,
				43DD133520A8F5F90042FCE8 /* AES.swift in Sources */,
				438DF99E2095AD9700FE92D9 /* Utils.swift in Sources */,
			);
			runOnlyForDeploymentPostprocessing = 0;
		};
		43B0014A209592D900912121 /* Sources */ = {
			isa = PBXSourcesBuildPhase;
			buildActionMask = 2147483647;
			files = (
				43B00152209592DA00912121 /* main.swift in Sources */,
				43DD133420A7C3B10042FCE8 /* AES.swift in Sources */,
				43B001592095932600912121 /* Utils.swift in Sources */,
			);
			runOnlyForDeploymentPostprocessing = 0;
		};
/* End PBXSourcesBuildPhase section */

/* Begin XCBuildConfiguration section */
		438DF99C2095ACFF00FE92D9 /* Debug */ = {
			isa = XCBuildConfiguration;
			buildSettings = {
				CLANG_ENABLE_MODULES = YES;
				CODE_SIGN_STYLE = Automatic;
				COMBINE_HIDPI_IMAGES = YES;
				INFOPLIST_FILE = CryptoPalsTests/Info.plist;
				LD_RUNPATH_SEARCH_PATHS = (
					"$(inherited)",
					"@executable_path/../Frameworks",
					"@loader_path/../Frameworks",
				);
				PRODUCT_BUNDLE_IDENTIFIER = com.farktronix.CryptoPalsTests;
				PRODUCT_NAME = "$(TARGET_NAME)";
				SWIFT_OPTIMIZATION_LEVEL = "-Onone";
				SWIFT_VERSION = 4.0;
			};
			name = Debug;
		};
		438DF99D2095ACFF00FE92D9 /* Release */ = {
			isa = XCBuildConfiguration;
			buildSettings = {
				CLANG_ENABLE_MODULES = YES;
				CODE_SIGN_STYLE = Automatic;
				COMBINE_HIDPI_IMAGES = YES;
				INFOPLIST_FILE = CryptoPalsTests/Info.plist;
				LD_RUNPATH_SEARCH_PATHS = (
					"$(inherited)",
					"@executable_path/../Frameworks",
					"@loader_path/../Frameworks",
				);
				PRODUCT_BUNDLE_IDENTIFIER = com.farktronix.CryptoPalsTests;
				PRODUCT_NAME = "$(TARGET_NAME)";
				SWIFT_VERSION = 4.0;
			};
			name = Release;
		};
		43B00153209592DA00912121 /* Debug */ = {
			isa = XCBuildConfiguration;
			buildSettings = {
				ALWAYS_SEARCH_USER_PATHS = NO;
				CLANG_ANALYZER_NONNULL = YES;
				CLANG_ANALYZER_NUMBER_OBJECT_CONVERSION = YES_AGGRESSIVE;
				CLANG_CXX_LANGUAGE_STANDARD = "gnu++14";
				CLANG_CXX_LIBRARY = "libc++";
				CLANG_ENABLE_MODULES = YES;
				CLANG_ENABLE_OBJC_ARC = YES;
				CLANG_ENABLE_OBJC_WEAK = YES;
				CLANG_WARN_BLOCK_CAPTURE_AUTORELEASING = YES;
				CLANG_WARN_BOOL_CONVERSION = YES;
				CLANG_WARN_COMMA = YES;
				CLANG_WARN_CONSTANT_CONVERSION = YES;
				CLANG_WARN_DEPRECATED_OBJC_IMPLEMENTATIONS = YES;
				CLANG_WARN_DIRECT_OBJC_ISA_USAGE = YES_ERROR;
				CLANG_WARN_DOCUMENTATION_COMMENTS = YES;
				CLANG_WARN_EMPTY_BODY = YES;
				CLANG_WARN_ENUM_CONVERSION = YES;
				CLANG_WARN_INFINITE_RECURSION = YES;
				CLANG_WARN_INT_CONVERSION = YES;
				CLANG_WARN_NON_LITERAL_NULL_CONVERSION = YES;
				CLANG_WARN_OBJC_IMPLICIT_RETAIN_SELF = YES;
				CLANG_WARN_OBJC_LITERAL_CONVERSION = YES;
				CLANG_WARN_OBJC_ROOT_CLASS = YES_ERROR;
				CLANG_WARN_RANGE_LOOP_ANALYSIS = YES;
				CLANG_WARN_STRICT_PROTOTYPES = YES;
				CLANG_WARN_SUSPICIOUS_MOVE = YES;
				CLANG_WARN_UNGUARDED_AVAILABILITY = YES_AGGRESSIVE;
				CLANG_WARN_UNREACHABLE_CODE = YES;
				CLANG_WARN__DUPLICATE_METHOD_MATCH = YES;
				CODE_SIGN_IDENTITY = "-";
				COPY_PHASE_STRIP = NO;
				DEBUG_INFORMATION_FORMAT = dwarf;
				ENABLE_STRICT_OBJC_MSGSEND = YES;
				ENABLE_TESTABILITY = YES;
				GCC_C_LANGUAGE_STANDARD = gnu11;
				GCC_DYNAMIC_NO_PIC = NO;
				GCC_NO_COMMON_BLOCKS = YES;
				GCC_OPTIMIZATION_LEVEL = 0;
				GCC_PREPROCESSOR_DEFINITIONS = (
					"DEBUG=1",
					"$(inherited)",
				);
				GCC_WARN_64_TO_32_BIT_CONVERSION = YES;
				GCC_WARN_ABOUT_RETURN_TYPE = YES_ERROR;
				GCC_WARN_UNDECLARED_SELECTOR = YES;
				GCC_WARN_UNINITIALIZED_AUTOS = YES_AGGRESSIVE;
				GCC_WARN_UNUSED_FUNCTION = YES;
				GCC_WARN_UNUSED_VARIABLE = YES;
				MACOSX_DEPLOYMENT_TARGET = 10.13;
				MTL_ENABLE_DEBUG_INFO = YES;
				ONLY_ACTIVE_ARCH = YES;
				SDKROOT = macosx;
				SWIFT_ACTIVE_COMPILATION_CONDITIONS = DEBUG;
				SWIFT_OPTIMIZATION_LEVEL = "-Onone";
			};
			name = Debug;
		};
		43B00154209592DA00912121 /* Release */ = {
			isa = XCBuildConfiguration;
			buildSettings = {
				ALWAYS_SEARCH_USER_PATHS = NO;
				CLANG_ANALYZER_NONNULL = YES;
				CLANG_ANALYZER_NUMBER_OBJECT_CONVERSION = YES_AGGRESSIVE;
				CLANG_CXX_LANGUAGE_STANDARD = "gnu++14";
				CLANG_CXX_LIBRARY = "libc++";
				CLANG_ENABLE_MODULES = YES;
				CLANG_ENABLE_OBJC_ARC = YES;
				CLANG_ENABLE_OBJC_WEAK = YES;
				CLANG_WARN_BLOCK_CAPTURE_AUTORELEASING = YES;
				CLANG_WARN_BOOL_CONVERSION = YES;
				CLANG_WARN_COMMA = YES;
				CLANG_WARN_CONSTANT_CONVERSION = YES;
				CLANG_WARN_DEPRECATED_OBJC_IMPLEMENTATIONS = YES;
				CLANG_WARN_DIRECT_OBJC_ISA_USAGE = YES_ERROR;
				CLANG_WARN_DOCUMENTATION_COMMENTS = YES;
				CLANG_WARN_EMPTY_BODY = YES;
				CLANG_WARN_ENUM_CONVERSION = YES;
				CLANG_WARN_INFINITE_RECURSION = YES;
				CLANG_WARN_INT_CONVERSION = YES;
				CLANG_WARN_NON_LITERAL_NULL_CONVERSION = YES;
				CLANG_WARN_OBJC_IMPLICIT_RETAIN_SELF = YES;
				CLANG_WARN_OBJC_LITERAL_CONVERSION = YES;
				CLANG_WARN_OBJC_ROOT_CLASS = YES_ERROR;
				CLANG_WARN_RANGE_LOOP_ANALYSIS = YES;
				CLANG_WARN_STRICT_PROTOTYPES = YES;
				CLANG_WARN_SUSPICIOUS_MOVE = YES;
				CLANG_WARN_UNGUARDED_AVAILABILITY = YES_AGGRESSIVE;
				CLANG_WARN_UNREACHABLE_CODE = YES;
				CLANG_WARN__DUPLICATE_METHOD_MATCH = YES;
				CODE_SIGN_IDENTITY = "-";
				COPY_PHASE_STRIP = NO;
				DEBUG_INFORMATION_FORMAT = "dwarf-with-dsym";
				ENABLE_NS_ASSERTIONS = NO;
				ENABLE_STRICT_OBJC_MSGSEND = YES;
				GCC_C_LANGUAGE_STANDARD = gnu11;
				GCC_NO_COMMON_BLOCKS = YES;
				GCC_WARN_64_TO_32_BIT_CONVERSION = YES;
				GCC_WARN_ABOUT_RETURN_TYPE = YES_ERROR;
				GCC_WARN_UNDECLARED_SELECTOR = YES;
				GCC_WARN_UNINITIALIZED_AUTOS = YES_AGGRESSIVE;
				GCC_WARN_UNUSED_FUNCTION = YES;
				GCC_WARN_UNUSED_VARIABLE = YES;
				MACOSX_DEPLOYMENT_TARGET = 10.13;
				MTL_ENABLE_DEBUG_INFO = NO;
				SDKROOT = macosx;
				SWIFT_COMPILATION_MODE = wholemodule;
				SWIFT_OPTIMIZATION_LEVEL = "-O";
			};
			name = Release;
		};
		43B00156209592DA00912121 /* Debug */ = {
			isa = XCBuildConfiguration;
			buildSettings = {
				CLANG_ENABLE_MODULES = YES;
				CODE_SIGN_STYLE = Automatic;
				LD_RUNPATH_SEARCH_PATHS = (
					"$(inherited)",
					"@executable_path/../Frameworks",
					"@loader_path/../Frameworks",
				);
				PRODUCT_NAME = "$(TARGET_NAME)";
				SWIFT_OPTIMIZATION_LEVEL = "-Onone";
				SWIFT_VERSION = 4.0;
			};
			name = Debug;
		};
		43B00157209592DA00912121 /* Release */ = {
			isa = XCBuildConfiguration;
			buildSettings = {
				CLANG_ENABLE_MODULES = YES;
				CODE_SIGN_STYLE = Automatic;
				LD_RUNPATH_SEARCH_PATHS = (
					"$(inherited)",
					"@executable_path/../Frameworks",
					"@loader_path/../Frameworks",
				);
				PRODUCT_NAME = "$(TARGET_NAME)";
				SWIFT_VERSION = 4.0;
			};
			name = Release;
		};
/* End XCBuildConfiguration section */

/* Begin XCConfigurationList section */
		438DF99B2095ACFF00FE92D9 /* Build configuration list for PBXNativeTarget "CryptoPalsTests" */ = {
			isa = XCConfigurationList;
			buildConfigurations = (
				438DF99C2095ACFF00FE92D9 /* Debug */,
				438DF99D2095ACFF00FE92D9 /* Release */,
			);
			defaultConfigurationIsVisible = 0;
			defaultConfigurationName = Release;
		};
		43B00149209592D900912121 /* Build configuration list for PBXProject "cryptopals" */ = {
			isa = XCConfigurationList;
			buildConfigurations = (
				43B00153209592DA00912121 /* Debug */,
				43B00154209592DA00912121 /* Release */,
			);
			defaultConfigurationIsVisible = 0;
			defaultConfigurationName = Release;
		};
		43B00155209592DA00912121 /* Build configuration list for PBXNativeTarget "cryptopals" */ = {
			isa = XCConfigurationList;
			buildConfigurations = (
				43B00156209592DA00912121 /* Debug */,
				43B00157209592DA00912121 /* Release */,
			);
			defaultConfigurationIsVisible = 0;
			defaultConfigurationName = Release;
		};
/* End XCConfigurationList section */
	};
	rootObject = 43B00146209592D900912121 /* Project object */;
}
